
Microsoft Visual Studio Solution File, Format Version 12.00
# Visual Studio Version 17
VisualStudioVersion = 17.4.33110.190
MinimumVisualStudioVersion = 10.0.40219.1
Project("{FAE04EC0-301F-11D3-BF4B-00C04F79EFBC}") = "POO_Animal", "POO_Animal\POO_Animal.csproj", "{E6100FD1-C6D2-451A-A78D-51659C433763}"
EndProject
Global
	GlobalSection(SolutionConfigurationPlatforms) = preSolution
		Debug|Any CPU = Debug|Any CPU
		Release|Any CPU = Release|Any CPU
	EndGlobalSection
	GlobalSection(ProjectConfigurationPlatforms) = postSolution
		{E6100FD1-C6D2-451A-A78D-51659C433763}.Debug|Any CPU.ActiveCfg = Debug|Any CPU
		{E6100FD1-C6D2-451A-A78D-51659C433763}.Debug|Any CPU.Build.0 = Debug|Any CPU
		{E6100FD1-C6D2-451A-A78D-51659C433763}.Release|Any CPU.ActiveCfg = Release|Any CPU
		{E6100FD1-C6D2-451A-A78D-51659C433763}.Release|Any CPU.Build.0 = Release|Any CPU
	EndGlobalSection
	GlobalSection(SolutionProperties) = preSolution
		HideSolutionNode = FALSE
	EndGlobalSection
	GlobalSection(ExtensibilityGlobals) = postSolution
		SolutionGuid = {34D06E8E-3FAC-4D7A-8B50-2BB0199D68D1}
	EndGlobalSection
EndGlobal
